
Microsoft Visual Studio Solution File, Format Version 12.00
Project("{2150E333-8FDC-42A3-9474-1A3956D46DE8}") = "Creational", "Creational", "{CBA0923F-C9A7-4533-B9FA-CC348C12FCA2}"
EndProject
Project("{FAE04EC0-301F-11D3-BF4B-00C04F79EFBC}") = "FactoryMethod", "FactoryMethod\FactoryMethod.csproj", "{C2EB5A46-EC66-421F-BB05-E5C394AE0179}"
EndProject
Project("{FAE04EC0-301F-11D3-BF4B-00C04F79EFBC}") = "AbstractFactory", "AbstractFactory\AbstractFactory.csproj", "{E2AA9DD4-F5F9-4392-A500-5BB85726FF89}"
EndProject
Project("{FAE04EC0-301F-11D3-BF4B-00C04F79EFBC}") = "Builder", "Builder\Builder.csproj", "{C8191F60-7A12-488C-B7AB-9E6DF62B900C}"
EndProject
Project("{FAE04EC0-301F-11D3-BF4B-00C04F79EFBC}") = "Prototype", "Prototype\Prototype.csproj", "{ABA5BAF1-1023-40BD-8D09-AB30830871CE}"
EndProject
Project("{FAE04EC0-301F-11D3-BF4B-00C04F79EFBC}") = "Singleton", "Singleton\Singleton.csproj", "{BD816993-3B34-4621-85CD-59DD753F3BCD}"
EndProject
Project("{2150E333-8FDC-42A3-9474-1A3956D46DE8}") = "Structural", "Structural", "{D5CED530-FF83-4574-87FE-2322728604E3}"
EndProject
Project("{FAE04EC0-301F-11D3-BF4B-00C04F79EFBC}") = "Adapter", "Adapter\Adapter.csproj", "{254B4880-5D04-4927-A9CC-744E88FE0005}"
EndProject
Project("{FAE04EC0-301F-11D3-BF4B-00C04F79EFBC}") = "Bridge", "Bridge\Bridge.csproj", "{2BED7EF4-5784-4E78-96AB-EA4557C4B2CE}"
EndProject
Project("{FAE04EC0-301F-11D3-BF4B-00C04F79EFBC}") = "Composite", "Composite\Composite.csproj", "{C135AB51-BE6B-42D7-8971-9CD88449B0E2}"
EndProject
Global
	GlobalSection(SolutionConfigurationPlatforms) = preSolution
		Debug|Any CPU = Debug|Any CPU
		Release|Any CPU = Release|Any CPU
	EndGlobalSection
	GlobalSection(NestedProjects) = preSolution
		{C2EB5A46-EC66-421F-BB05-E5C394AE0179} = {CBA0923F-C9A7-4533-B9FA-CC348C12FCA2}
		{E2AA9DD4-F5F9-4392-A500-5BB85726FF89} = {CBA0923F-C9A7-4533-B9FA-CC348C12FCA2}
		{C8191F60-7A12-488C-B7AB-9E6DF62B900C} = {CBA0923F-C9A7-4533-B9FA-CC348C12FCA2}
		{ABA5BAF1-1023-40BD-8D09-AB30830871CE} = {CBA0923F-C9A7-4533-B9FA-CC348C12FCA2}
		{BD816993-3B34-4621-85CD-59DD753F3BCD} = {CBA0923F-C9A7-4533-B9FA-CC348C12FCA2}
		{254B4880-5D04-4927-A9CC-744E88FE0005} = {D5CED530-FF83-4574-87FE-2322728604E3}
		{2BED7EF4-5784-4E78-96AB-EA4557C4B2CE} = {D5CED530-FF83-4574-87FE-2322728604E3}
		{C135AB51-BE6B-42D7-8971-9CD88449B0E2} = {D5CED530-FF83-4574-87FE-2322728604E3}
	EndGlobalSection
	GlobalSection(ProjectConfigurationPlatforms) = postSolution
		{C2EB5A46-EC66-421F-BB05-E5C394AE0179}.Debug|Any CPU.ActiveCfg = Debug|Any CPU
		{C2EB5A46-EC66-421F-BB05-E5C394AE0179}.Debug|Any CPU.Build.0 = Debug|Any CPU
		{C2EB5A46-EC66-421F-BB05-E5C394AE0179}.Release|Any CPU.ActiveCfg = Release|Any CPU
		{C2EB5A46-EC66-421F-BB05-E5C394AE0179}.Release|Any CPU.Build.0 = Release|Any CPU
		{E2AA9DD4-F5F9-4392-A500-5BB85726FF89}.Debug|Any CPU.ActiveCfg = Debug|Any CPU
		{E2AA9DD4-F5F9-4392-A500-5BB85726FF89}.Debug|Any CPU.Build.0 = Debug|Any CPU
		{E2AA9DD4-F5F9-4392-A500-5BB85726FF89}.Release|Any CPU.ActiveCfg = Release|Any CPU
		{E2AA9DD4-F5F9-4392-A500-5BB85726FF89}.Release|Any CPU.Build.0 = Release|Any CPU
		{C8191F60-7A12-488C-B7AB-9E6DF62B900C}.Debug|Any CPU.ActiveCfg = Debug|Any CPU
		{C8191F60-7A12-488C-B7AB-9E6DF62B900C}.Debug|Any CPU.Build.0 = Debug|Any CPU
		{C8191F60-7A12-488C-B7AB-9E6DF62B900C}.Release|Any CPU.ActiveCfg = Release|Any CPU
		{C8191F60-7A12-488C-B7AB-9E6DF62B900C}.Release|Any CPU.Build.0 = Release|Any CPU
		{ABA5BAF1-1023-40BD-8D09-AB30830871CE}.Debug|Any CPU.ActiveCfg = Debug|Any CPU
		{ABA5BAF1-1023-40BD-8D09-AB30830871CE}.Debug|Any CPU.Build.0 = Debug|Any CPU
		{ABA5BAF1-1023-40BD-8D09-AB30830871CE}.Release|Any CPU.ActiveCfg = Release|Any CPU
		{ABA5BAF1-1023-40BD-8D09-AB30830871CE}.Release|Any CPU.Build.0 = Release|Any CPU
		{BD816993-3B34-4621-85CD-59DD753F3BCD}.Debug|Any CPU.ActiveCfg = Debug|Any CPU
		{BD816993-3B34-4621-85CD-59DD753F3BCD}.Debug|Any CPU.Build.0 = Debug|Any CPU
		{BD816993-3B34-4621-85CD-59DD753F3BCD}.Release|Any CPU.ActiveCfg = Release|Any CPU
		{BD816993-3B34-4621-85CD-59DD753F3BCD}.Release|Any CPU.Build.0 = Release|Any CPU
		{254B4880-5D04-4927-A9CC-744E88FE0005}.Debug|Any CPU.ActiveCfg = Debug|Any CPU
		{254B4880-5D04-4927-A9CC-744E88FE0005}.Debug|Any CPU.Build.0 = Debug|Any CPU
		{254B4880-5D04-4927-A9CC-744E88FE0005}.Release|Any CPU.ActiveCfg = Release|Any CPU
		{254B4880-5D04-4927-A9CC-744E88FE0005}.Release|Any CPU.Build.0 = Release|Any CPU
		{2BED7EF4-5784-4E78-96AB-EA4557C4B2CE}.Debug|Any CPU.ActiveCfg = Debug|Any CPU
		{2BED7EF4-5784-4E78-96AB-EA4557C4B2CE}.Debug|Any CPU.Build.0 = Debug|Any CPU
		{2BED7EF4-5784-4E78-96AB-EA4557C4B2CE}.Release|Any CPU.ActiveCfg = Release|Any CPU
		{2BED7EF4-5784-4E78-96AB-EA4557C4B2CE}.Release|Any CPU.Build.0 = Release|Any CPU
		{C135AB51-BE6B-42D7-8971-9CD88449B0E2}.Debug|Any CPU.ActiveCfg = Debug|Any CPU
		{C135AB51-BE6B-42D7-8971-9CD88449B0E2}.Debug|Any CPU.Build.0 = Debug|Any CPU
		{C135AB51-BE6B-42D7-8971-9CD88449B0E2}.Release|Any CPU.ActiveCfg = Release|Any CPU
		{C135AB51-BE6B-42D7-8971-9CD88449B0E2}.Release|Any CPU.Build.0 = Release|Any CPU
	EndGlobalSection
EndGlobal
