
Microsoft Visual Studio Solution File, Format Version 12.00
Project("{2150E333-8FDC-42A3-9474-1A3956D46DE8}") = "Creational", "Creational", "{CBA0923F-C9A7-4533-B9FA-CC348C12FCA2}"
EndProject
Project("{FAE04EC0-301F-11D3-BF4B-00C04F79EFBC}") = "FactoryMethod", "FactoryMethod\FactoryMethod.csproj", "{C2EB5A46-EC66-421F-BB05-E5C394AE0179}"
EndProject
Project("{FAE04EC0-301F-11D3-BF4B-00C04F79EFBC}") = "AbstractFactory", "AbstractFactory\AbstractFactory.csproj", "{E2AA9DD4-F5F9-4392-A500-5BB85726FF89}"
EndProject
Project("{FAE04EC0-301F-11D3-BF4B-00C04F79EFBC}") = "Builder", "Builder\Builder.csproj", "{C8191F60-7A12-488C-B7AB-9E6DF62B900C}"
EndProject
Project("{FAE04EC0-301F-11D3-BF4B-00C04F79EFBC}") = "Prototype", "Prototype\Prototype.csproj", "{ABA5BAF1-1023-40BD-8D09-AB30830871CE}"
EndProject
Project("{FAE04EC0-301F-11D3-BF4B-00C04F79EFBC}") = "Singleton", "Singleton\Singleton.csproj", "{BD816993-3B34-4621-85CD-59DD753F3BCD}"
EndProject
Project("{2150E333-8FDC-42A3-9474-1A3956D46DE8}") = "Structural", "Structural", "{D5CED530-FF83-4574-87FE-2322728604E3}"
EndProject
Project("{FAE04EC0-301F-11D3-BF4B-00C04F79EFBC}") = "Adapter", "Adapter\Adapter.csproj", "{254B4880-5D04-4927-A9CC-744E88FE0005}"
EndProject
Project("{FAE04EC0-301F-11D3-BF4B-00C04F79EFBC}") = "Bridge", "Bridge\Bridge.csproj", "{2BED7EF4-5784-4E78-96AB-EA4557C4B2CE}"
EndProject
Project("{FAE04EC0-301F-11D3-BF4B-00C04F79EFBC}") = "Composite", "Composite\Composite.csproj", "{C135AB51-BE6B-42D7-8971-9CD88449B0E2}"
EndProject
Project("{FAE04EC0-301F-11D3-BF4B-00C04F79EFBC}") = "Decorator", "Decorator\Decorator.csproj", "{C0D94A67-24CC-4AB0-861A-1CFC50797C11}"
EndProject
Project("{FAE04EC0-301F-11D3-BF4B-00C04F79EFBC}") = "Proxy", "Proxy\Proxy.csproj", "{BE6DB59B-24BF-4873-8418-0FC05508D8CD}"
EndProject
Project("{2150E333-8FDC-42A3-9474-1A3956D46DE8}") = "Behavioral", "Behavioral", "{0A4431C1-FAFB-4535-858E-028C29EC3B6A}"
EndProject
Project("{FAE04EC0-301F-11D3-BF4B-00C04F79EFBC}") = "ChainOfResponsibility", "ChainOfResponsibility\ChainOfResponsibility.csproj", "{EBDE50EA-9943-4D06-BEA2-F927B2E9497F}"
EndProject
Project("{FAE04EC0-301F-11D3-BF4B-00C04F79EFBC}") = "Command", "Command\Command.csproj", "{8ED9DE44-9A63-4004-B386-1C854FF00C6F}"
EndProject
Project("{FAE04EC0-301F-11D3-BF4B-00C04F79EFBC}") = "Iterator", "Iterator\Iterator.csproj", "{D7E8F984-BCCA-4A6E-B6DD-58BA78F758BC}"
EndProject
Project("{FAE04EC0-301F-11D3-BF4B-00C04F79EFBC}") = "Memento", "Memento\Memento.csproj", "{962CF38A-7B7C-4466-9DF0-173F21B3D093}"
EndProject
Project("{FAE04EC0-301F-11D3-BF4B-00C04F79EFBC}") = "Observer", "Observer\Observer.csproj", "{387C1E09-A2AE-4C3D-A7F3-FCAFA4BEFF1C}"
EndProject
Project("{FAE04EC0-301F-11D3-BF4B-00C04F79EFBC}") = "State", "State\State.csproj", "{A81E2451-BAE0-4083-9B74-FB3DFBD3761A}"
EndProject
Project("{FAE04EC0-301F-11D3-BF4B-00C04F79EFBC}") = "Strategy", "Strategy\Strategy.csproj", "{3B44F091-C881-4ADA-957F-CF54ED5AE06E}"
EndProject
Global
	GlobalSection(SolutionConfigurationPlatforms) = preSolution
		Debug|Any CPU = Debug|Any CPU
		Release|Any CPU = Release|Any CPU
	EndGlobalSection
	GlobalSection(NestedProjects) = preSolution
		{C2EB5A46-EC66-421F-BB05-E5C394AE0179} = {CBA0923F-C9A7-4533-B9FA-CC348C12FCA2}
		{E2AA9DD4-F5F9-4392-A500-5BB85726FF89} = {CBA0923F-C9A7-4533-B9FA-CC348C12FCA2}
		{C8191F60-7A12-488C-B7AB-9E6DF62B900C} = {CBA0923F-C9A7-4533-B9FA-CC348C12FCA2}
		{ABA5BAF1-1023-40BD-8D09-AB30830871CE} = {CBA0923F-C9A7-4533-B9FA-CC348C12FCA2}
		{BD816993-3B34-4621-85CD-59DD753F3BCD} = {CBA0923F-C9A7-4533-B9FA-CC348C12FCA2}
		{254B4880-5D04-4927-A9CC-744E88FE0005} = {D5CED530-FF83-4574-87FE-2322728604E3}
		{2BED7EF4-5784-4E78-96AB-EA4557C4B2CE} = {D5CED530-FF83-4574-87FE-2322728604E3}
		{C135AB51-BE6B-42D7-8971-9CD88449B0E2} = {D5CED530-FF83-4574-87FE-2322728604E3}
		{C0D94A67-24CC-4AB0-861A-1CFC50797C11} = {D5CED530-FF83-4574-87FE-2322728604E3}
		{BE6DB59B-24BF-4873-8418-0FC05508D8CD} = {D5CED530-FF83-4574-87FE-2322728604E3}
		{EBDE50EA-9943-4D06-BEA2-F927B2E9497F} = {0A4431C1-FAFB-4535-858E-028C29EC3B6A}
		{8ED9DE44-9A63-4004-B386-1C854FF00C6F} = {0A4431C1-FAFB-4535-858E-028C29EC3B6A}
		{D7E8F984-BCCA-4A6E-B6DD-58BA78F758BC} = {D5CED530-FF83-4574-87FE-2322728604E3}
		{962CF38A-7B7C-4466-9DF0-173F21B3D093} = {0A4431C1-FAFB-4535-858E-028C29EC3B6A}
		{387C1E09-A2AE-4C3D-A7F3-FCAFA4BEFF1C} = {0A4431C1-FAFB-4535-858E-028C29EC3B6A}
		{A81E2451-BAE0-4083-9B74-FB3DFBD3761A} = {0A4431C1-FAFB-4535-858E-028C29EC3B6A}
		{3B44F091-C881-4ADA-957F-CF54ED5AE06E} = {0A4431C1-FAFB-4535-858E-028C29EC3B6A}
	EndGlobalSection
	GlobalSection(ProjectConfigurationPlatforms) = postSolution
		{C2EB5A46-EC66-421F-BB05-E5C394AE0179}.Debug|Any CPU.ActiveCfg = Debug|Any CPU
		{C2EB5A46-EC66-421F-BB05-E5C394AE0179}.Debug|Any CPU.Build.0 = Debug|Any CPU
		{C2EB5A46-EC66-421F-BB05-E5C394AE0179}.Release|Any CPU.ActiveCfg = Release|Any CPU
		{C2EB5A46-EC66-421F-BB05-E5C394AE0179}.Release|Any CPU.Build.0 = Release|Any CPU
		{E2AA9DD4-F5F9-4392-A500-5BB85726FF89}.Debug|Any CPU.ActiveCfg = Debug|Any CPU
		{E2AA9DD4-F5F9-4392-A500-5BB85726FF89}.Debug|Any CPU.Build.0 = Debug|Any CPU
		{E2AA9DD4-F5F9-4392-A500-5BB85726FF89}.Release|Any CPU.ActiveCfg = Release|Any CPU
		{E2AA9DD4-F5F9-4392-A500-5BB85726FF89}.Release|Any CPU.Build.0 = Release|Any CPU
		{C8191F60-7A12-488C-B7AB-9E6DF62B900C}.Debug|Any CPU.ActiveCfg = Debug|Any CPU
		{C8191F60-7A12-488C-B7AB-9E6DF62B900C}.Debug|Any CPU.Build.0 = Debug|Any CPU
		{C8191F60-7A12-488C-B7AB-9E6DF62B900C}.Release|Any CPU.ActiveCfg = Release|Any CPU
		{C8191F60-7A12-488C-B7AB-9E6DF62B900C}.Release|Any CPU.Build.0 = Release|Any CPU
		{ABA5BAF1-1023-40BD-8D09-AB30830871CE}.Debug|Any CPU.ActiveCfg = Debug|Any CPU
		{ABA5BAF1-1023-40BD-8D09-AB30830871CE}.Debug|Any CPU.Build.0 = Debug|Any CPU
		{ABA5BAF1-1023-40BD-8D09-AB30830871CE}.Release|Any CPU.ActiveCfg = Release|Any CPU
		{ABA5BAF1-1023-40BD-8D09-AB30830871CE}.Release|Any CPU.Build.0 = Release|Any CPU
		{BD816993-3B34-4621-85CD-59DD753F3BCD}.Debug|Any CPU.ActiveCfg = Debug|Any CPU
		{BD816993-3B34-4621-85CD-59DD753F3BCD}.Debug|Any CPU.Build.0 = Debug|Any CPU
		{BD816993-3B34-4621-85CD-59DD753F3BCD}.Release|Any CPU.ActiveCfg = Release|Any CPU
		{BD816993-3B34-4621-85CD-59DD753F3BCD}.Release|Any CPU.Build.0 = Release|Any CPU
		{254B4880-5D04-4927-A9CC-744E88FE0005}.Debug|Any CPU.ActiveCfg = Debug|Any CPU
		{254B4880-5D04-4927-A9CC-744E88FE0005}.Debug|Any CPU.Build.0 = Debug|Any CPU
		{254B4880-5D04-4927-A9CC-744E88FE0005}.Release|Any CPU.ActiveCfg = Release|Any CPU
		{254B4880-5D04-4927-A9CC-744E88FE0005}.Release|Any CPU.Build.0 = Release|Any CPU
		{2BED7EF4-5784-4E78-96AB-EA4557C4B2CE}.Debug|Any CPU.ActiveCfg = Debug|Any CPU
		{2BED7EF4-5784-4E78-96AB-EA4557C4B2CE}.Debug|Any CPU.Build.0 = Debug|Any CPU
		{2BED7EF4-5784-4E78-96AB-EA4557C4B2CE}.Release|Any CPU.ActiveCfg = Release|Any CPU
		{2BED7EF4-5784-4E78-96AB-EA4557C4B2CE}.Release|Any CPU.Build.0 = Release|Any CPU
		{C135AB51-BE6B-42D7-8971-9CD88449B0E2}.Debug|Any CPU.ActiveCfg = Debug|Any CPU
		{C135AB51-BE6B-42D7-8971-9CD88449B0E2}.Debug|Any CPU.Build.0 = Debug|Any CPU
		{C135AB51-BE6B-42D7-8971-9CD88449B0E2}.Release|Any CPU.ActiveCfg = Release|Any CPU
		{C135AB51-BE6B-42D7-8971-9CD88449B0E2}.Release|Any CPU.Build.0 = Release|Any CPU
		{C0D94A67-24CC-4AB0-861A-1CFC50797C11}.Debug|Any CPU.ActiveCfg = Debug|Any CPU
		{C0D94A67-24CC-4AB0-861A-1CFC50797C11}.Debug|Any CPU.Build.0 = Debug|Any CPU
		{C0D94A67-24CC-4AB0-861A-1CFC50797C11}.Release|Any CPU.ActiveCfg = Release|Any CPU
		{C0D94A67-24CC-4AB0-861A-1CFC50797C11}.Release|Any CPU.Build.0 = Release|Any CPU
		{BE6DB59B-24BF-4873-8418-0FC05508D8CD}.Debug|Any CPU.ActiveCfg = Debug|Any CPU
		{BE6DB59B-24BF-4873-8418-0FC05508D8CD}.Debug|Any CPU.Build.0 = Debug|Any CPU
		{BE6DB59B-24BF-4873-8418-0FC05508D8CD}.Release|Any CPU.ActiveCfg = Release|Any CPU
		{BE6DB59B-24BF-4873-8418-0FC05508D8CD}.Release|Any CPU.Build.0 = Release|Any CPU
		{EBDE50EA-9943-4D06-BEA2-F927B2E9497F}.Debug|Any CPU.ActiveCfg = Debug|Any CPU
		{EBDE50EA-9943-4D06-BEA2-F927B2E9497F}.Debug|Any CPU.Build.0 = Debug|Any CPU
		{EBDE50EA-9943-4D06-BEA2-F927B2E9497F}.Release|Any CPU.ActiveCfg = Release|Any CPU
		{EBDE50EA-9943-4D06-BEA2-F927B2E9497F}.Release|Any CPU.Build.0 = Release|Any CPU
		{8ED9DE44-9A63-4004-B386-1C854FF00C6F}.Debug|Any CPU.ActiveCfg = Debug|Any CPU
		{8ED9DE44-9A63-4004-B386-1C854FF00C6F}.Debug|Any CPU.Build.0 = Debug|Any CPU
		{8ED9DE44-9A63-4004-B386-1C854FF00C6F}.Release|Any CPU.ActiveCfg = Release|Any CPU
		{8ED9DE44-9A63-4004-B386-1C854FF00C6F}.Release|Any CPU.Build.0 = Release|Any CPU
		{D7E8F984-BCCA-4A6E-B6DD-58BA78F758BC}.Debug|Any CPU.ActiveCfg = Debug|Any CPU
		{D7E8F984-BCCA-4A6E-B6DD-58BA78F758BC}.Debug|Any CPU.Build.0 = Debug|Any CPU
		{D7E8F984-BCCA-4A6E-B6DD-58BA78F758BC}.Release|Any CPU.ActiveCfg = Release|Any CPU
		{D7E8F984-BCCA-4A6E-B6DD-58BA78F758BC}.Release|Any CPU.Build.0 = Release|Any CPU
		{962CF38A-7B7C-4466-9DF0-173F21B3D093}.Debug|Any CPU.ActiveCfg = Debug|Any CPU
		{962CF38A-7B7C-4466-9DF0-173F21B3D093}.Debug|Any CPU.Build.0 = Debug|Any CPU
		{962CF38A-7B7C-4466-9DF0-173F21B3D093}.Release|Any CPU.ActiveCfg = Release|Any CPU
		{962CF38A-7B7C-4466-9DF0-173F21B3D093}.Release|Any CPU.Build.0 = Release|Any CPU
		{387C1E09-A2AE-4C3D-A7F3-FCAFA4BEFF1C}.Debug|Any CPU.ActiveCfg = Debug|Any CPU
		{387C1E09-A2AE-4C3D-A7F3-FCAFA4BEFF1C}.Debug|Any CPU.Build.0 = Debug|Any CPU
		{387C1E09-A2AE-4C3D-A7F3-FCAFA4BEFF1C}.Release|Any CPU.ActiveCfg = Release|Any CPU
		{387C1E09-A2AE-4C3D-A7F3-FCAFA4BEFF1C}.Release|Any CPU.Build.0 = Release|Any CPU
		{A81E2451-BAE0-4083-9B74-FB3DFBD3761A}.Debug|Any CPU.ActiveCfg = Debug|Any CPU
		{A81E2451-BAE0-4083-9B74-FB3DFBD3761A}.Debug|Any CPU.Build.0 = Debug|Any CPU
		{A81E2451-BAE0-4083-9B74-FB3DFBD3761A}.Release|Any CPU.ActiveCfg = Release|Any CPU
		{A81E2451-BAE0-4083-9B74-FB3DFBD3761A}.Release|Any CPU.Build.0 = Release|Any CPU
		{3B44F091-C881-4ADA-957F-CF54ED5AE06E}.Debug|Any CPU.ActiveCfg = Debug|Any CPU
		{3B44F091-C881-4ADA-957F-CF54ED5AE06E}.Debug|Any CPU.Build.0 = Debug|Any CPU
		{3B44F091-C881-4ADA-957F-CF54ED5AE06E}.Release|Any CPU.ActiveCfg = Release|Any CPU
		{3B44F091-C881-4ADA-957F-CF54ED5AE06E}.Release|Any CPU.Build.0 = Release|Any CPU
	EndGlobalSection
EndGlobal
